
Microsoft Visual Studio Solution File, Format Version 12.00
# Visual Studio 15
VisualStudioVersion = 15.0.26430.16
MinimumVisualStudioVersion = 10.0.40219.1
Project("{E24C65DC-7377-472B-9ABA-BC803B73C61A}") = "venice_ver3", ".", "{BCA50A4F-04CC-48A1-9606-1CA64FCE9B66}"
	ProjectSection(WebsiteProperties) = preProject
		TargetFrameworkMoniker = ".NETFramework,Version%3Dv4.0"
		Debug.AspNetCompiler.VirtualPath = "/localhost_64830"
		Debug.AspNetCompiler.PhysicalPath = "..\venice_ver3\"
		Debug.AspNetCompiler.TargetPath = "PrecompiledWeb\localhost_64830\"
		Debug.AspNetCompiler.Updateable = "true"
		Debug.AspNetCompiler.ForceOverwrite = "true"
		Debug.AspNetCompiler.FixedNames = "false"
		Debug.AspNetCompiler.Debug = "True"
		Release.AspNetCompiler.VirtualPath = "/localhost_64830"
		Release.AspNetCompiler.PhysicalPath = "..\venice_ver3\"
		Release.AspNetCompiler.TargetPath = "PrecompiledWeb\localhost_64830\"
		Release.AspNetCompiler.Updateable = "true"
		Release.AspNetCompiler.ForceOverwrite = "true"
		Release.AspNetCompiler.FixedNames = "false"
		Release.AspNetCompiler.Debug = "False"
		VWDPort = "64830"
		SlnRelativePath = "..\venice_ver3\"
	EndProjectSection
EndProject
Global
	GlobalSection(SolutionConfigurationPlatforms) = preSolution
		Debug|Any CPU = Debug|Any CPU
	EndGlobalSection
	GlobalSection(ProjectConfigurationPlatforms) = postSolution
		{BCA50A4F-04CC-48A1-9606-1CA64FCE9B66}.Debug|Any CPU.ActiveCfg = Debug|Any CPU
		{BCA50A4F-04CC-48A1-9606-1CA64FCE9B66}.Debug|Any CPU.Build.0 = Debug|Any CPU
	EndGlobalSection
	GlobalSection(SolutionProperties) = preSolution
		HideSolutionNode = FALSE
	EndGlobalSection
EndGlobal
